{
  "name": "adoctl",
  "version": "0.1.0",
  "lockfileVersion": 3,
  "requires": true,
  "packages": {
    "": {
      "name": "adoctl",
      "version": "0.1.0",
      "license": "UNLICENSED",
      "bin": {
        "adoctl": "npm/cli.cjs"
      },
      "engines": {
        "node": ">=20"
      }
    }
  }
}
